{
  "version": 4,
  "terraform_version": "1.8.2",
  "serial": 4,
  "lineage": "9e350a3e-55de-3dc8-df51-8fe9803927d0",
  "outputs": {},
  "resources": [
    {
      "mode": "managed",
      "type": "newrelic_notification_channel",
      "name": "channel",
      "provider": "provider[\"registry.terraform.io/newrelic/newrelic\"]",
      "instances": [
        {
          "schema_version": 0,
          "attributes": {
            "account_id": 4422835,
            "active": true,
            "destination_id": "28625b88-e5e3-4df6-8bc7-d278e1a24fba",
            "id": "3dc1e9a2-10e4-4041-8f32-3d76c6a959fa",
            "name": "channel-webhook",
            "product": "IINT",
            "property": [
              {
                "display_value": "",
                "key": "channelId",
                "label": "",
                "value": "C072T41HRLG"
              },
              {
                "display_value": "",
                "key": "customDetailsSlack",
                "label": "",
                "value": "issue id - {{issueId}}"
              }
            ],
            "status": "DEFAULT",
            "type": "SLACK"
          },
          "sensitive_attributes": [],
          "private": "bnVsbA=="
        }
      ]
    },
    {
      "mode": "managed",
      "type": "newrelic_workflow",
      "name": "my_workflow",
      "provider": "provider[\"registry.terraform.io/newrelic/newrelic\"]",
      "instances": [
        {
          "schema_version": 1,
          "attributes": {
            "account_id": 4422835,
            "destination": [
              {
                "channel_id": "3dc1e9a2-10e4-4041-8f32-3d76c6a959fa",
                "name": "channel-webhook",
                "notification_triggers": [
                  "ACKNOWLEDGED",
                  "ACTIVATED",
                  "CLOSED"
                ],
                "type": "SLACK"
              }
            ],
            "destinations_enabled": true,
            "enabled": true,
            "enrichments": [],
            "enrichments_enabled": true,
            "guid": "NDQyMjgzNXxBSU9QU3xXT1JLRkxPV3w0ZjdlOGIyYS05ZTBiLTQyOTItOTZiYy05MTczZGFkMjg1MDY",
            "id": "4f7e8b2a-9e0b-4292-96bc-9173dad28506",
            "issues_filter": [
              {
                "filter_id": "e81359a3-1d1a-4013-a53d-4eb7870685fb",
                "name": "filter-name",
                "predicate": [
                  {
                    "attribute": "accumulations.tag.team",
                    "operator": "EXACTLY_MATCHES",
                    "values": [
                      "5257178"
                    ]
                  }
                ],
                "type": "FILTER"
              }
            ],
            "last_run": "",
            "muting_rules_handling": "NOTIFY_ALL_ISSUES",
            "name": "workflow_slack",
            "workflow_id": "4f7e8b2a-9e0b-4292-96bc-9173dad28506"
          },
          "sensitive_attributes": [],
          "private": "eyJzY2hlbWFfdmVyc2lvbiI6IjEifQ==",
          "dependencies": [
            "newrelic_notification_channel.channel"
          ]
        }
      ]
    }
  ],
  "check_results": null
}
